{
  "version": 4,
  "terraform_version": "1.1.6",
  "serial": 5,
  "lineage": "c31e7891-0434-310d-2647-0d987b2125b5",
  "outputs": {
    "external_ip_address_node01_yandex_cloud": {
      "value": "51.250.2.211",
      "type": "string"
    },
    "internal_ip_address_node01_yandex_cloud": {
      "value": "192.168.101.32",
      "type": "string"
    }
  },
  "resources": [
    {
      "mode": "managed",
      "type": "yandex_compute_instance",
      "name": "node01",
      "provider": "provider[\"registry.terraform.io/yandex-cloud/yandex\"]",
      "instances": [
        {
          "schema_version": 1,
          "attributes": {
            "allow_stopping_for_update": true,
            "boot_disk": [
              {
                "auto_delete": true,
                "device_name": "fhmqat5o7k0cdcm46pbi",
                "disk_id": "fhmqat5o7k0cdcm46pbi",
                "initialize_params": [
                  {
                    "block_size": 4096,
                    "description": "",
                    "image_id": "fd8v7rls5fu5242167vm",
                    "name": "root-node01",
                    "size": 50,
                    "snapshot_id": "",
                    "type": "network-ssd"
                  }
                ],
                "mode": "READ_WRITE"
              }
            ],
            "created_at": "2022-02-27T00:28:49Z",
            "description": "",
            "folder_id": "b1g0nmleb1hnugk4kb9g",
            "fqdn": "node01.netology.cloud",
            "hostname": "node01",
            "id": "fhm7ru30c5e614f0v1ev",
            "labels": null,
            "metadata": {
              "ssh-keys": "centos:ssh-rsa AAAAB3NzaC1yc2EAAAADAQABAAABgQDXFoBe5/0B/z6L3toYz9WzHoRSv78GlsMvnekSje/vZ6mcq5s0KHtJB9P7YF0oHdA47dW75PRZmQCtmn62fXN8TTV+vXT6VOHJ2Xo0htSPjqgE0WvAQdyWESTjERQ+bVyv+p0tNHYHwZFpaqngIxN5Jc5N21/+ONL6yBsnR7/L7WohBnaX4Ncx24CAFLF+6nwihaf2oWbw4oHok7FGtEjJqyVu7vWDz73qT1U1iPhsd/FA+66lojuN+l6a/BXZvJ9q3QzFAxxxd6P2hTGSnYZ23d/7IkD8oUfBjnCrRYyqD/+6vQzMDORV8oo7Y42LY1D1Utu7oPUkLGb6UvSEc9cw7zOTgJRQ7ur2tw/+Ej8v+kZW6Vivah9nKlPwjU35pI2cbCQQ4E6168jTAjTrOKEQskSVegUDNvSt2BCEEeIGuFpttv2XqCk7AG/DRA4A77xPejFkDe5wl86ImQlA19TQ5F8hqhx7Nk9R86cpTc1bkqm0Ok1DdEb5yoR/zxytpKk= khrom@ubuntu\n"
            },
            "name": "node01",
            "network_acceleration_type": "standard",
            "network_interface": [
              {
                "dns_record": [],
                "index": 0,
                "ip_address": "192.168.101.32",
                "ipv4": true,
                "ipv6": false,
                "ipv6_address": "",
                "ipv6_dns_record": [],
                "mac_address": "d0:0d:7d:f8:60:61",
                "nat": true,
                "nat_dns_record": [],
                "nat_ip_address": "51.250.2.211",
                "nat_ip_version": "IPV4",
                "security_group_ids": [],
                "subnet_id": "e9b8ll0mb730sija4lau"
              }
            ],
            "placement_policy": [
              {
                "placement_group_id": ""
              }
            ],
            "platform_id": "standard-v1",
            "resources": [
              {
                "core_fraction": 100,
                "cores": 8,
                "gpus": 0,
                "memory": 8
              }
            ],
            "scheduling_policy": [
              {
                "preemptible": false
              }
            ],
            "secondary_disk": [],
            "service_account_id": "",
            "status": "running",
            "timeouts": null,
            "zone": "ru-central1-a"
          },
          "sensitive_attributes": [],
          "private": "eyJlMmJmYjczMC1lY2FhLTExZTYtOGY4OC0zNDM2M2JjN2M0YzAiOnsiY3JlYXRlIjozMDAwMDAwMDAwMDAsImRlbGV0ZSI6MzAwMDAwMDAwMDAwLCJ1cGRhdGUiOjMwMDAwMDAwMDAwMH0sInNjaGVtYV92ZXJzaW9uIjoiMSJ9",
          "dependencies": [
            "yandex_vpc_network.default",
            "yandex_vpc_subnet.default"
          ]
        }
      ]
    },
    {
      "mode": "managed",
      "type": "yandex_vpc_network",
      "name": "default",
      "provider": "provider[\"registry.terraform.io/yandex-cloud/yandex\"]",
      "instances": [
        {
          "schema_version": 0,
          "attributes": {
            "created_at": "2022-02-27T00:28:47Z",
            "default_security_group_id": "",
            "description": "",
            "folder_id": "b1g0nmleb1hnugk4kb9g",
            "id": "enpjm07gn7skiflj7ium",
            "labels": {},
            "name": "net",
            "subnet_ids": [],
            "timeouts": null
          },
          "sensitive_attributes": [],
          "private": "eyJlMmJmYjczMC1lY2FhLTExZTYtOGY4OC0zNDM2M2JjN2M0YzAiOnsiY3JlYXRlIjo2MDAwMDAwMDAwMCwiZGVsZXRlIjo2MDAwMDAwMDAwMCwidXBkYXRlIjo2MDAwMDAwMDAwMH19"
        }
      ]
    },
    {
      "mode": "managed",
      "type": "yandex_vpc_subnet",
      "name": "default",
      "provider": "provider[\"registry.terraform.io/yandex-cloud/yandex\"]",
      "instances": [
        {
          "schema_version": 0,
          "attributes": {
            "created_at": "2022-02-27T00:28:48Z",
            "description": "",
            "dhcp_options": [],
            "folder_id": "b1g0nmleb1hnugk4kb9g",
            "id": "e9b8ll0mb730sija4lau",
            "labels": {},
            "name": "subnet",
            "network_id": "enpjm07gn7skiflj7ium",
            "route_table_id": "",
            "timeouts": null,
            "v4_cidr_blocks": [
              "192.168.101.0/24"
            ],
            "v6_cidr_blocks": [],
            "zone": "ru-central1-a"
          },
          "sensitive_attributes": [],
          "private": "eyJlMmJmYjczMC1lY2FhLTExZTYtOGY4OC0zNDM2M2JjN2M0YzAiOnsiY3JlYXRlIjoxODAwMDAwMDAwMDAsImRlbGV0ZSI6MTgwMDAwMDAwMDAwLCJ1cGRhdGUiOjE4MDAwMDAwMDAwMH19",
          "dependencies": [
            "yandex_vpc_network.default"
          ]
        }
      ]
    }
  ]
}
